// !$*UTF8*$!
{
	archiveVersion = 1;
	classes = {
	};
	objectVersion = 46;
	objects = {

/* Begin PBXBuildFile section */
		1E42E11F1CCFC5DB00CEFF42 /* DetailViewController.swift in Sources */ = {isa = PBXBuildFile; fileRef = 1E42E11E1CCFC5DB00CEFF42 /* DetailViewController.swift */; };
		1E6A7D9D1CCE9CA700953CAB /* AppDelegate.swift in Sources */ = {isa = PBXBuildFile; fileRef = 1E6A7D9C1CCE9CA700953CAB /* AppDelegate.swift */; };
		1E6A7DA21CCE9CA700953CAB /* Main.storyboard in Resources */ = {isa = PBXBuildFile; fileRef = 1E6A7DA01CCE9CA700953CAB /* Main.storyboard */; };
		1E6A7DA41CCE9CA700953CAB /* Assets.xcassets in Resources */ = {isa = PBXBuildFile; fileRef = 1E6A7DA31CCE9CA700953CAB /* Assets.xcassets */; };
		1E6A7DA71CCE9CA700953CAB /* LaunchScreen.storyboard in Resources */ = {isa = PBXBuildFile; fileRef = 1E6A7DA51CCE9CA700953CAB /* LaunchScreen.storyboard */; };
		1E6A7DAF1CCE9DCF00953CAB /* ItemsViewController.swift in Sources */ = {isa = PBXBuildFile; fileRef = 1E6A7DAE1CCE9DCF00953CAB /* ItemsViewController.swift */; };
		1E6A7DB11CCE9EAD00953CAB /* Item.swift in Sources */ = {isa = PBXBuildFile; fileRef = 1E6A7DB01CCE9EAD00953CAB /* Item.swift */; };
		1E81EF511CCEA34C0029C2B1 /* ItemStore.swift in Sources */ = {isa = PBXBuildFile; fileRef = 1E81EF501CCEA34C0029C2B1 /* ItemStore.swift */; };
		1E81EF531CCECDDE0029C2B1 /* ItemCell.swift in Sources */ = {isa = PBXBuildFile; fileRef = 1E81EF521CCECDDE0029C2B1 /* ItemCell.swift */; };
		1E97B6911CD154380031473C /* CustomTextField.swift in Sources */ = {isa = PBXBuildFile; fileRef = 1E97B6901CD154380031473C /* CustomTextField.swift */; };
/* End PBXBuildFile section */

/* Begin PBXFileReference section */
		1E42E11E1CCFC5DB00CEFF42 /* DetailViewController.swift */ = {isa = PBXFileReference; fileEncoding = 4; lastKnownFileType = sourcecode.swift; path = DetailViewController.swift; sourceTree = "<group>"; };
		1E6A7D991CCE9CA700953CAB /* Homepwner.app */ = {isa = PBXFileReference; explicitFileType = wrapper.application; includeInIndex = 0; path = Homepwner.app; sourceTree = BUILT_PRODUCTS_DIR; };
		1E6A7D9C1CCE9CA700953CAB /* AppDelegate.swift */ = {isa = PBXFileReference; lastKnownFileType = sourcecode.swift; path = AppDelegate.swift; sourceTree = "<group>"; };
		1E6A7DA11CCE9CA700953CAB /* Base */ = {isa = PBXFileReference; lastKnownFileType = file.storyboard; name = Base; path = Base.lproj/Main.storyboard; sourceTree = "<group>"; };
		1E6A7DA31CCE9CA700953CAB /* Assets.xcassets */ = {isa = PBXFileReference; lastKnownFileType = folder.assetcatalog; path = Assets.xcassets; sourceTree = "<group>"; };
		1E6A7DA61CCE9CA700953CAB /* Base */ = {isa = PBXFileReference; lastKnownFileType = file.storyboard; name = Base; path = Base.lproj/LaunchScreen.storyboard; sourceTree = "<group>"; };
		1E6A7DA81CCE9CA700953CAB /* Info.plist */ = {isa = PBXFileReference; lastKnownFileType = text.plist.xml; path = Info.plist; sourceTree = "<group>"; };
		1E6A7DAE1CCE9DCF00953CAB /* ItemsViewController.swift */ = {isa = PBXFileReference; fileEncoding = 4; lastKnownFileType = sourcecode.swift; path = ItemsViewController.swift; sourceTree = "<group>"; };
		1E6A7DB01CCE9EAD00953CAB /* Item.swift */ = {isa = PBXFileReference; fileEncoding = 4; lastKnownFileType = sourcecode.swift; path = Item.swift; sourceTree = "<group>"; };
		1E81EF501CCEA34C0029C2B1 /* ItemStore.swift */ = {isa = PBXFileReference; fileEncoding = 4; lastKnownFileType = sourcecode.swift; path = ItemStore.swift; sourceTree = "<group>"; };
		1E81EF521CCECDDE0029C2B1 /* ItemCell.swift */ = {isa = PBXFileReference; fileEncoding = 4; lastKnownFileType = sourcecode.swift; path = ItemCell.swift; sourceTree = "<group>"; };
		1E97B6901CD154380031473C /* CustomTextField.swift */ = {isa = PBXFileReference; fileEncoding = 4; lastKnownFileType = sourcecode.swift; path = CustomTextField.swift; sourceTree = "<group>"; };
/* End PBXFileReference section */

/* Begin PBXFrameworksBuildPhase section */
		1E6A7D961CCE9CA700953CAB /* Frameworks */ = {
			isa = PBXFrameworksBuildPhase;
			buildActionMask = 2147483647;
			files = (
			);
			runOnlyForDeploymentPostprocessing = 0;
		};
/* End PBXFrameworksBuildPhase section */

/* Begin PBXGroup section */
		1E6A7D901CCE9CA700953CAB = {
			isa = PBXGroup;
			children = (
				1E6A7D9B1CCE9CA700953CAB /* Homepwner */,
				1E6A7D9A1CCE9CA700953CAB /* Products */,
			);
			sourceTree = "<group>";
		};
		1E6A7D9A1CCE9CA700953CAB /* Products */ = {
			isa = PBXGroup;
			children = (
				1E6A7D991CCE9CA700953CAB /* Homepwner.app */,
			);
			name = Products;
			sourceTree = "<group>";
		};
		1E6A7D9B1CCE9CA700953CAB /* Homepwner */ = {
			isa = PBXGroup;
			children = (
				1E6A7D9C1CCE9CA700953CAB /* AppDelegate.swift */,
				1E6A7DB01CCE9EAD00953CAB /* Item.swift */,
				1E81EF501CCEA34C0029C2B1 /* ItemStore.swift */,
				1E81EF521CCECDDE0029C2B1 /* ItemCell.swift */,
				1E6A7DAE1CCE9DCF00953CAB /* ItemsViewController.swift */,
				1E42E11E1CCFC5DB00CEFF42 /* DetailViewController.swift */,
				1E97B6901CD154380031473C /* CustomTextField.swift */,
				1E6A7DA01CCE9CA700953CAB /* Main.storyboard */,
				1E6A7DA31CCE9CA700953CAB /* Assets.xcassets */,
				1E6A7DA51CCE9CA700953CAB /* LaunchScreen.storyboard */,
				1E6A7DA81CCE9CA700953CAB /* Info.plist */,
			);
			path = Homepwner;
			sourceTree = "<group>";
		};
/* End PBXGroup section */

/* Begin PBXNativeTarget section */
		1E6A7D981CCE9CA700953CAB /* Homepwner */ = {
			isa = PBXNativeTarget;
			buildConfigurationList = 1E6A7DAB1CCE9CA700953CAB /* Build configuration list for PBXNativeTarget "Homepwner" */;
			buildPhases = (
				1E6A7D951CCE9CA700953CAB /* Sources */,
				1E6A7D961CCE9CA700953CAB /* Frameworks */,
				1E6A7D971CCE9CA700953CAB /* Resources */,
			);
			buildRules = (
			);
			dependencies = (
			);
			name = Homepwner;
			productName = Homepwner;
			productReference = 1E6A7D991CCE9CA700953CAB /* Homepwner.app */;
			productType = "com.apple.product-type.application";
		};
/* End PBXNativeTarget section */

/* Begin PBXProject section */
		1E6A7D911CCE9CA700953CAB /* Project object */ = {
			isa = PBXProject;
			attributes = {
				LastSwiftUpdateCheck = 0730;
				LastUpgradeCheck = 0730;
				ORGANIZATIONNAME = nmg82;
				TargetAttributes = {
					1E6A7D981CCE9CA700953CAB = {
						CreatedOnToolsVersion = 7.3;
					};
				};
			};
			buildConfigurationList = 1E6A7D941CCE9CA700953CAB /* Build configuration list for PBXProject "Homepwner" */;
			compatibilityVersion = "Xcode 3.2";
			developmentRegion = English;
			hasScannedForEncodings = 0;
			knownRegions = (
				en,
				Base,
			);
			mainGroup = 1E6A7D901CCE9CA700953CAB;
			productRefGroup = 1E6A7D9A1CCE9CA700953CAB /* Products */;
			projectDirPath = "";
			projectRoot = "";
			targets = (
				1E6A7D981CCE9CA700953CAB /* Homepwner */,
			);
		};
/* End PBXProject section */

/* Begin PBXResourcesBuildPhase section */
		1E6A7D971CCE9CA700953CAB /* Resources */ = {
			isa = PBXResourcesBuildPhase;
			buildActionMask = 2147483647;
			files = (
				1E6A7DA71CCE9CA700953CAB /* LaunchScreen.storyboard in Resources */,
				1E6A7DA41CCE9CA700953CAB /* Assets.xcassets in Resources */,
				1E6A7DA21CCE9CA700953CAB /* Main.storyboard in Resources */,
			);
			runOnlyForDeploymentPostprocessing = 0;
		};
/* End PBXResourcesBuildPhase section */

/* Begin PBXSourcesBuildPhase section */
		1E6A7D951CCE9CA700953CAB /* Sources */ = {
			isa = PBXSourcesBuildPhase;
			buildActionMask = 2147483647;
			files = (
				1E97B6911CD154380031473C /* CustomTextField.swift in Sources */,
				1E6A7DAF1CCE9DCF00953CAB /* ItemsViewController.swift in Sources */,
				1E6A7DB11CCE9EAD00953CAB /* Item.swift in Sources */,
				1E81EF511CCEA34C0029C2B1 /* ItemStore.swift in Sources */,
				1E42E11F1CCFC5DB00CEFF42 /* DetailViewController.swift in Sources */,
				1E6A7D9D1CCE9CA700953CAB /* AppDelegate.swift in Sources */,
				1E81EF531CCECDDE0029C2B1 /* ItemCell.swift in Sources */,
			);
			runOnlyForDeploymentPostprocessing = 0;
		};
/* End PBXSourcesBuildPhase section */

/* Begin PBXVariantGroup section */
		1E6A7DA01CCE9CA700953CAB /* Main.storyboard */ = {
			isa = PBXVariantGroup;
			children = (
				1E6A7DA11CCE9CA700953CAB /* Base */,
			);
			name = Main.storyboard;
			sourceTree = "<group>";
		};
		1E6A7DA51CCE9CA700953CAB /* LaunchScreen.storyboard */ = {
			isa = PBXVariantGroup;
			children = (
				1E6A7DA61CCE9CA700953CAB /* Base */,
			);
			name = LaunchScreen.storyboard;
			sourceTree = "<group>";
		};
/* End PBXVariantGroup section */

/* Begin XCBuildConfiguration section */
		1E6A7DA91CCE9CA700953CAB /* Debug */ = {
			isa = XCBuildConfiguration;
			buildSettings = {
				ALWAYS_SEARCH_USER_PATHS = NO;
				CLANG_ANALYZER_NONNULL = YES;
				CLANG_CXX_LANGUAGE_STANDARD = "gnu++0x";
				CLANG_CXX_LIBRARY = "libc++";
				CLANG_ENABLE_MODULES = YES;
				CLANG_ENABLE_OBJC_ARC = YES;
				CLANG_WARN_BOOL_CONVERSION = YES;
				CLANG_WARN_CONSTANT_CONVERSION = YES;
				CLANG_WARN_DIRECT_OBJC_ISA_USAGE = YES_ERROR;
				CLANG_WARN_EMPTY_BODY = YES;
				CLANG_WARN_ENUM_CONVERSION = YES;
				CLANG_WARN_INT_CONVERSION = YES;
				CLANG_WARN_OBJC_ROOT_CLASS = YES_ERROR;
				CLANG_WARN_UNREACHABLE_CODE = YES;
				CLANG_WARN__DUPLICATE_METHOD_MATCH = YES;
				"CODE_SIGN_IDENTITY[sdk=iphoneos*]" = "iPhone Developer";
				COPY_PHASE_STRIP = NO;
				DEBUG_INFORMATION_FORMAT = dwarf;
				ENABLE_STRICT_OBJC_MSGSEND = YES;
				ENABLE_TESTABILITY = YES;
				GCC_C_LANGUAGE_STANDARD = gnu99;
				GCC_DYNAMIC_NO_PIC = NO;
				GCC_NO_COMMON_BLOCKS = YES;
				GCC_OPTIMIZATION_LEVEL = 0;
				GCC_PREPROCESSOR_DEFINITIONS = (
					"DEBUG=1",
					"$(inherited)",
				);
				GCC_WARN_64_TO_32_BIT_CONVERSION = YES;
				GCC_WARN_ABOUT_RETURN_TYPE = YES_ERROR;
				GCC_WARN_UNDECLARED_SELECTOR = YES;
				GCC_WARN_UNINITIALIZED_AUTOS = YES_AGGRESSIVE;
				GCC_WARN_UNUSED_FUNCTION = YES;
				GCC_WARN_UNUSED_VARIABLE = YES;
				IPHONEOS_DEPLOYMENT_TARGET = 9.3;
				MTL_ENABLE_DEBUG_INFO = YES;
				ONLY_ACTIVE_ARCH = YES;
				SDKROOT = iphoneos;
				SWIFT_OPTIMIZATION_LEVEL = "-Onone";
			};
			name = Debug;
		};
		1E6A7DAA1CCE9CA700953CAB /* Release */ = {
			isa = XCBuildConfiguration;
			buildSettings = {
				ALWAYS_SEARCH_USER_PATHS = NO;
				CLANG_ANALYZER_NONNULL = YES;
				CLANG_CXX_LANGUAGE_STANDARD = "gnu++0x";
				CLANG_CXX_LIBRARY = "libc++";
				CLANG_ENABLE_MODULES = YES;
				CLANG_ENABLE_OBJC_ARC = YES;
				CLANG_WARN_BOOL_CONVERSION = YES;
				CLANG_WARN_CONSTANT_CONVERSION = YES;
				CLANG_WARN_DIRECT_OBJC_ISA_USAGE = YES_ERROR;
				CLANG_WARN_EMPTY_BODY = YES;
				CLANG_WARN_ENUM_CONVERSION = YES;
				CLANG_WARN_INT_CONVERSION = YES;
				CLANG_WARN_OBJC_ROOT_CLASS = YES_ERROR;
				CLANG_WARN_UNREACHABLE_CODE = YES;
				CLANG_WARN__DUPLICATE_METHOD_MATCH = YES;
				"CODE_SIGN_IDENTITY[sdk=iphoneos*]" = "iPhone Developer";
				COPY_PHASE_STRIP = NO;
				DEBUG_INFORMATION_FORMAT = "dwarf-with-dsym";
				ENABLE_NS_ASSERTIONS = NO;
				ENABLE_STRICT_OBJC_MSGSEND = YES;
				GCC_C_LANGUAGE_STANDARD = gnu99;
				GCC_NO_COMMON_BLOCKS = YES;
				GCC_WARN_64_TO_32_BIT_CONVERSION = YES;
				GCC_WARN_ABOUT_RETURN_TYPE = YES_ERROR;
				GCC_WARN_UNDECLARED_SELECTOR = YES;
				GCC_WARN_UNINITIALIZED_AUTOS = YES_AGGRESSIVE;
				GCC_WARN_UNUSED_FUNCTION = YES;
				GCC_WARN_UNUSED_VARIABLE = YES;
				IPHONEOS_DEPLOYMENT_TARGET = 9.3;
				MTL_ENABLE_DEBUG_INFO = NO;
				SDKROOT = iphoneos;
				VALIDATE_PRODUCT = YES;
			};
			name = Release;
		};
		1E6A7DAC1CCE9CA700953CAB /* Debug */ = {
			isa = XCBuildConfiguration;
			buildSettings = {
				ASSETCATALOG_COMPILER_APPICON_NAME = AppIcon;
				INFOPLIST_FILE = Homepwner/Info.plist;
				LD_RUNPATH_SEARCH_PATHS = "$(inherited) @executable_path/Frameworks";
				PRODUCT_BUNDLE_IDENTIFIER = com.example.Homepwner;
				PRODUCT_NAME = "$(TARGET_NAME)";
			};
			name = Debug;
		};
		1E6A7DAD1CCE9CA700953CAB /* Release */ = {
			isa = XCBuildConfiguration;
			buildSettings = {
				ASSETCATALOG_COMPILER_APPICON_NAME = AppIcon;
				INFOPLIST_FILE = Homepwner/Info.plist;
				LD_RUNPATH_SEARCH_PATHS = "$(inherited) @executable_path/Frameworks";
				PRODUCT_BUNDLE_IDENTIFIER = com.example.Homepwner;
				PRODUCT_NAME = "$(TARGET_NAME)";
			};
			name = Release;
		};
/* End XCBuildConfiguration section */

/* Begin XCConfigurationList section */
		1E6A7D941CCE9CA700953CAB /* Build configuration list for PBXProject "Homepwner" */ = {
			isa = XCConfigurationList;
			buildConfigurations = (
				1E6A7DA91CCE9CA700953CAB /* Debug */,
				1E6A7DAA1CCE9CA700953CAB /* Release */,
			);
			defaultConfigurationIsVisible = 0;
			defaultConfigurationName = Release;
		};
		1E6A7DAB1CCE9CA700953CAB /* Build configuration list for PBXNativeTarget "Homepwner" */ = {
			isa = XCConfigurationList;
			buildConfigurations = (
				1E6A7DAC1CCE9CA700953CAB /* Debug */,
				1E6A7DAD1CCE9CA700953CAB /* Release */,
			);
			defaultConfigurationIsVisible = 0;
			defaultConfigurationName = Release;
		};
/* End XCConfigurationList section */
	};
	rootObject = 1E6A7D911CCE9CA700953CAB /* Project object */;
}
